// !$*UTF8*$!
{
	archiveVersion = 1;
	classes = {
	};
	objectVersion = 56;
	objects = {

/* Begin PBXBuildFile section */
		706C5DB52AE0C45E00BE9A19 /* StitchCounterApp.swift in Sources */ = {isa = PBXBuildFile; fileRef = 706C5DB42AE0C45E00BE9A19 /* StitchCounterApp.swift */; };
		706C5DB72AE0C45E00BE9A19 /* ContentView.swift in Sources */ = {isa = PBXBuildFile; fileRef = 706C5DB62AE0C45E00BE9A19 /* ContentView.swift */; };
		706C5DB92AE0C45F00BE9A19 /* Assets.xcassets in Resources */ = {isa = PBXBuildFile; fileRef = 706C5DB82AE0C45F00BE9A19 /* Assets.xcassets */; };
		706C5DBC2AE0C45F00BE9A19 /* Preview Assets.xcassets in Resources */ = {isa = PBXBuildFile; fileRef = 706C5DBB2AE0C45F00BE9A19 /* Preview Assets.xcassets */; };
		706C5DC62AE0C45F00BE9A19 /* StitchCounterTests.swift in Sources */ = {isa = PBXBuildFile; fileRef = 706C5DC52AE0C45F00BE9A19 /* StitchCounterTests.swift */; };
		706C5DD02AE0C45F00BE9A19 /* StitchCounterUITests.swift in Sources */ = {isa = PBXBuildFile; fileRef = 706C5DCF2AE0C45F00BE9A19 /* StitchCounterUITests.swift */; };
		706C5DD22AE0C45F00BE9A19 /* StitchCounterUITestsLaunchTests.swift in Sources */ = {isa = PBXBuildFile; fileRef = 706C5DD12AE0C45F00BE9A19 /* StitchCounterUITestsLaunchTests.swift */; };
/* End PBXBuildFile section */

/* Begin PBXContainerItemProxy section */
		706C5DC22AE0C45F00BE9A19 /* PBXContainerItemProxy */ = {
			isa = PBXContainerItemProxy;
			containerPortal = 706C5DA92AE0C45E00BE9A19 /* Project object */;
			proxyType = 1;
			remoteGlobalIDString = 706C5DB02AE0C45E00BE9A19;
			remoteInfo = StitchCounter;
		};
		706C5DCC2AE0C45F00BE9A19 /* PBXContainerItemProxy */ = {
			isa = PBXContainerItemProxy;
			containerPortal = 706C5DA92AE0C45E00BE9A19 /* Project object */;
			proxyType = 1;
			remoteGlobalIDString = 706C5DB02AE0C45E00BE9A19;
			remoteInfo = StitchCounter;
		};
/* End PBXContainerItemProxy section */

/* Begin PBXFileReference section */
		706C5DB12AE0C45E00BE9A19 /* StitchCounter.app */ = {isa = PBXFileReference; explicitFileType = wrapper.application; includeInIndex = 0; path = StitchCounter.app; sourceTree = BUILT_PRODUCTS_DIR; };
		706C5DB42AE0C45E00BE9A19 /* StitchCounterApp.swift */ = {isa = PBXFileReference; lastKnownFileType = sourcecode.swift; path = StitchCounterApp.swift; sourceTree = "<group>"; };
		706C5DB62AE0C45E00BE9A19 /* ContentView.swift */ = {isa = PBXFileReference; lastKnownFileType = sourcecode.swift; path = ContentView.swift; sourceTree = "<group>"; };
		706C5DB82AE0C45F00BE9A19 /* Assets.xcassets */ = {isa = PBXFileReference; lastKnownFileType = folder.assetcatalog; path = Assets.xcassets; sourceTree = "<group>"; };
		706C5DBB2AE0C45F00BE9A19 /* Preview Assets.xcassets */ = {isa = PBXFileReference; lastKnownFileType = folder.assetcatalog; path = "Preview Assets.xcassets"; sourceTree = "<group>"; };
		706C5DC12AE0C45F00BE9A19 /* StitchCounterTests.xctest */ = {isa = PBXFileReference; explicitFileType = wrapper.cfbundle; includeInIndex = 0; path = StitchCounterTests.xctest; sourceTree = BUILT_PRODUCTS_DIR; };
		706C5DC52AE0C45F00BE9A19 /* StitchCounterTests.swift */ = {isa = PBXFileReference; lastKnownFileType = sourcecode.swift; path = StitchCounterTests.swift; sourceTree = "<group>"; };
		706C5DCB2AE0C45F00BE9A19 /* StitchCounterUITests.xctest */ = {isa = PBXFileReference; explicitFileType = wrapper.cfbundle; includeInIndex = 0; path = StitchCounterUITests.xctest; sourceTree = BUILT_PRODUCTS_DIR; };
		706C5DCF2AE0C45F00BE9A19 /* StitchCounterUITests.swift */ = {isa = PBXFileReference; lastKnownFileType = sourcecode.swift; path = StitchCounterUITests.swift; sourceTree = "<group>"; };
		706C5DD12AE0C45F00BE9A19 /* StitchCounterUITestsLaunchTests.swift */ = {isa = PBXFileReference; lastKnownFileType = sourcecode.swift; path = StitchCounterUITestsLaunchTests.swift; sourceTree = "<group>"; };
/* End PBXFileReference section */

/* Begin PBXFrameworksBuildPhase section */
		706C5DAE2AE0C45E00BE9A19 /* Frameworks */ = {
			isa = PBXFrameworksBuildPhase;
			buildActionMask = 2147483647;
			files = (
			);
			runOnlyForDeploymentPostprocessing = 0;
		};
		706C5DBE2AE0C45F00BE9A19 /* Frameworks */ = {
			isa = PBXFrameworksBuildPhase;
			buildActionMask = 2147483647;
			files = (
			);
			runOnlyForDeploymentPostprocessing = 0;
		};
		706C5DC82AE0C45F00BE9A19 /* Frameworks */ = {
			isa = PBXFrameworksBuildPhase;
			buildActionMask = 2147483647;
			files = (
			);
			runOnlyForDeploymentPostprocessing = 0;
		};
/* End PBXFrameworksBuildPhase section */

/* Begin PBXGroup section */
		706C5DA82AE0C45E00BE9A19 = {
			isa = PBXGroup;
			children = (
				706C5DB32AE0C45E00BE9A19 /* StitchCounter */,
				706C5DC42AE0C45F00BE9A19 /* StitchCounterTests */,
				706C5DCE2AE0C45F00BE9A19 /* StitchCounterUITests */,
				706C5DB22AE0C45E00BE9A19 /* Products */,
			);
			sourceTree = "<group>";
		};
		706C5DB22AE0C45E00BE9A19 /* Products */ = {
			isa = PBXGroup;
			children = (
				706C5DB12AE0C45E00BE9A19 /* StitchCounter.app */,
				706C5DC12AE0C45F00BE9A19 /* StitchCounterTests.xctest */,
				706C5DCB2AE0C45F00BE9A19 /* StitchCounterUITests.xctest */,
			);
			name = Products;
			sourceTree = "<group>";
		};
		706C5DB32AE0C45E00BE9A19 /* StitchCounter */ = {
			isa = PBXGroup;
			children = (
				706C5DB42AE0C45E00BE9A19 /* StitchCounterApp.swift */,
				706C5DB62AE0C45E00BE9A19 /* ContentView.swift */,
				706C5DB82AE0C45F00BE9A19 /* Assets.xcassets */,
				706C5DBA2AE0C45F00BE9A19 /* Preview Content */,
			);
			path = StitchCounter;
			sourceTree = "<group>";
		};
		706C5DBA2AE0C45F00BE9A19 /* Preview Content */ = {
			isa = PBXGroup;
			children = (
				706C5DBB2AE0C45F00BE9A19 /* Preview Assets.xcassets */,
			);
			path = "Preview Content";
			sourceTree = "<group>";
		};
		706C5DC42AE0C45F00BE9A19 /* StitchCounterTests */ = {
			isa = PBXGroup;
			children = (
				706C5DC52AE0C45F00BE9A19 /* StitchCounterTests.swift */,
			);
			path = StitchCounterTests;
			sourceTree = "<group>";
		};
		706C5DCE2AE0C45F00BE9A19 /* StitchCounterUITests */ = {
			isa = PBXGroup;
			children = (
				706C5DCF2AE0C45F00BE9A19 /* StitchCounterUITests.swift */,
				706C5DD12AE0C45F00BE9A19 /* StitchCounterUITestsLaunchTests.swift */,
			);
			path = StitchCounterUITests;
			sourceTree = "<group>";
		};
/* End PBXGroup section */

/* Begin PBXNativeTarget section */
		706C5DB02AE0C45E00BE9A19 /* StitchCounter */ = {
			isa = PBXNativeTarget;
			buildConfigurationList = 706C5DD52AE0C45F00BE9A19 /* Build configuration list for PBXNativeTarget "StitchCounter" */;
			buildPhases = (
				706C5DAD2AE0C45E00BE9A19 /* Sources */,
				706C5DAE2AE0C45E00BE9A19 /* Frameworks */,
				706C5DAF2AE0C45E00BE9A19 /* Resources */,
			);
			buildRules = (
			);
			dependencies = (
			);
			name = StitchCounter;
			productName = StitchCounter;
			productReference = 706C5DB12AE0C45E00BE9A19 /* StitchCounter.app */;
			productType = "com.apple.product-type.application";
		};
		706C5DC02AE0C45F00BE9A19 /* StitchCounterTests */ = {
			isa = PBXNativeTarget;
			buildConfigurationList = 706C5DD82AE0C45F00BE9A19 /* Build configuration list for PBXNativeTarget "StitchCounterTests" */;
			buildPhases = (
				706C5DBD2AE0C45F00BE9A19 /* Sources */,
				706C5DBE2AE0C45F00BE9A19 /* Frameworks */,
				706C5DBF2AE0C45F00BE9A19 /* Resources */,
			);
			buildRules = (
			);
			dependencies = (
				706C5DC32AE0C45F00BE9A19 /* PBXTargetDependency */,
			);
			name = StitchCounterTests;
			productName = StitchCounterTests;
			productReference = 706C5DC12AE0C45F00BE9A19 /* StitchCounterTests.xctest */;
			productType = "com.apple.product-type.bundle.unit-test";
		};
		706C5DCA2AE0C45F00BE9A19 /* StitchCounterUITests */ = {
			isa = PBXNativeTarget;
			buildConfigurationList = 706C5DDB2AE0C45F00BE9A19 /* Build configuration list for PBXNativeTarget "StitchCounterUITests" */;
			buildPhases = (
				706C5DC72AE0C45F00BE9A19 /* Sources */,
				706C5DC82AE0C45F00BE9A19 /* Frameworks */,
				706C5DC92AE0C45F00BE9A19 /* Resources */,
			);
			buildRules = (
			);
			dependencies = (
				706C5DCD2AE0C45F00BE9A19 /* PBXTargetDependency */,
			);
			name = StitchCounterUITests;
			productName = StitchCounterUITests;
			productReference = 706C5DCB2AE0C45F00BE9A19 /* StitchCounterUITests.xctest */;
			productType = "com.apple.product-type.bundle.ui-testing";
		};
/* End PBXNativeTarget section */

/* Begin PBXProject section */
		706C5DA92AE0C45E00BE9A19 /* Project object */ = {
			isa = PBXProject;
			attributes = {
				BuildIndependentTargetsInParallel = 1;
				LastSwiftUpdateCheck = 1500;
				LastUpgradeCheck = 1500;
				TargetAttributes = {
					706C5DB02AE0C45E00BE9A19 = {
						CreatedOnToolsVersion = 15.0;
					};
					706C5DC02AE0C45F00BE9A19 = {
						CreatedOnToolsVersion = 15.0;
						TestTargetID = 706C5DB02AE0C45E00BE9A19;
					};
					706C5DCA2AE0C45F00BE9A19 = {
						CreatedOnToolsVersion = 15.0;
						TestTargetID = 706C5DB02AE0C45E00BE9A19;
					};
				};
			};
			buildConfigurationList = 706C5DAC2AE0C45E00BE9A19 /* Build configuration list for PBXProject "StitchCounter" */;
			compatibilityVersion = "Xcode 14.0";
			developmentRegion = en;
			hasScannedForEncodings = 0;
			knownRegions = (
				en,
				Base,
			);
			mainGroup = 706C5DA82AE0C45E00BE9A19;
			productRefGroup = 706C5DB22AE0C45E00BE9A19 /* Products */;
			projectDirPath = "";
			projectRoot = "";
			targets = (
				706C5DB02AE0C45E00BE9A19 /* StitchCounter */,
				706C5DC02AE0C45F00BE9A19 /* StitchCounterTests */,
				706C5DCA2AE0C45F00BE9A19 /* StitchCounterUITests */,
			);
		};
/* End PBXProject section */

/* Begin PBXResourcesBuildPhase section */
		706C5DAF2AE0C45E00BE9A19 /* Resources */ = {
			isa = PBXResourcesBuildPhase;
			buildActionMask = 2147483647;
			files = (
				706C5DBC2AE0C45F00BE9A19 /* Preview Assets.xcassets in Resources */,
				706C5DB92AE0C45F00BE9A19 /* Assets.xcassets in Resources */,
			);
			runOnlyForDeploymentPostprocessing = 0;
		};
		706C5DBF2AE0C45F00BE9A19 /* Resources */ = {
			isa = PBXResourcesBuildPhase;
			buildActionMask = 2147483647;
			files = (
			);
			runOnlyForDeploymentPostprocessing = 0;
		};
		706C5DC92AE0C45F00BE9A19 /* Resources */ = {
			isa = PBXResourcesBuildPhase;
			buildActionMask = 2147483647;
			files = (
			);
			runOnlyForDeploymentPostprocessing = 0;
		};
/* End PBXResourcesBuildPhase section */

/* Begin PBXSourcesBuildPhase section */
		706C5DAD2AE0C45E00BE9A19 /* Sources */ = {
			isa = PBXSourcesBuildPhase;
			buildActionMask = 2147483647;
			files = (
				706C5DB72AE0C45E00BE9A19 /* ContentView.swift in Sources */,
				706C5DB52AE0C45E00BE9A19 /* StitchCounterApp.swift in Sources */,
			);
			runOnlyForDeploymentPostprocessing = 0;
		};
		706C5DBD2AE0C45F00BE9A19 /* Sources */ = {
			isa = PBXSourcesBuildPhase;
			buildActionMask = 2147483647;
			files = (
				706C5DC62AE0C45F00BE9A19 /* StitchCounterTests.swift in Sources */,
			);
			runOnlyForDeploymentPostprocessing = 0;
		};
		706C5DC72AE0C45F00BE9A19 /* Sources */ = {
			isa = PBXSourcesBuildPhase;
			buildActionMask = 2147483647;
			files = (
				706C5DD22AE0C45F00BE9A19 /* StitchCounterUITestsLaunchTests.swift in Sources */,
				706C5DD02AE0C45F00BE9A19 /* StitchCounterUITests.swift in Sources */,
			);
			runOnlyForDeploymentPostprocessing = 0;
		};
/* End PBXSourcesBuildPhase section */

/* Begin PBXTargetDependency section */
		706C5DC32AE0C45F00BE9A19 /* PBXTargetDependency */ = {
			isa = PBXTargetDependency;
			target = 706C5DB02AE0C45E00BE9A19 /* StitchCounter */;
			targetProxy = 706C5DC22AE0C45F00BE9A19 /* PBXContainerItemProxy */;
		};
		706C5DCD2AE0C45F00BE9A19 /* PBXTargetDependency */ = {
			isa = PBXTargetDependency;
			target = 706C5DB02AE0C45E00BE9A19 /* StitchCounter */;
			targetProxy = 706C5DCC2AE0C45F00BE9A19 /* PBXContainerItemProxy */;
		};
/* End PBXTargetDependency section */

/* Begin XCBuildConfiguration section */
		706C5DD32AE0C45F00BE9A19 /* Debug */ = {
			isa = XCBuildConfiguration;
			buildSettings = {
				ALWAYS_SEARCH_USER_PATHS = NO;
				ASSETCATALOG_COMPILER_GENERATE_SWIFT_ASSET_SYMBOL_EXTENSIONS = YES;
				CLANG_ANALYZER_NONNULL = YES;
				CLANG_ANALYZER_NUMBER_OBJECT_CONVERSION = YES_AGGRESSIVE;
				CLANG_CXX_LANGUAGE_STANDARD = "gnu++20";
				CLANG_ENABLE_MODULES = YES;
				CLANG_ENABLE_OBJC_ARC = YES;
				CLANG_ENABLE_OBJC_WEAK = YES;
				CLANG_WARN_BLOCK_CAPTURE_AUTORELEASING = YES;
				CLANG_WARN_BOOL_CONVERSION = YES;
				CLANG_WARN_COMMA = YES;
				CLANG_WARN_CONSTANT_CONVERSION = YES;
				CLANG_WARN_DEPRECATED_OBJC_IMPLEMENTATIONS = YES;
				CLANG_WARN_DIRECT_OBJC_ISA_USAGE = YES_ERROR;
				CLANG_WARN_DOCUMENTATION_COMMENTS = YES;
				CLANG_WARN_EMPTY_BODY = YES;
				CLANG_WARN_ENUM_CONVERSION = YES;
				CLANG_WARN_INFINITE_RECURSION = YES;
				CLANG_WARN_INT_CONVERSION = YES;
				CLANG_WARN_NON_LITERAL_NULL_CONVERSION = YES;
				CLANG_WARN_OBJC_IMPLICIT_RETAIN_SELF = YES;
				CLANG_WARN_OBJC_LITERAL_CONVERSION = YES;
				CLANG_WARN_OBJC_ROOT_CLASS = YES_ERROR;
				CLANG_WARN_QUOTED_INCLUDE_IN_FRAMEWORK_HEADER = YES;
				CLANG_WARN_RANGE_LOOP_ANALYSIS = YES;
				CLANG_WARN_STRICT_PROTOTYPES = YES;
				CLANG_WARN_SUSPICIOUS_MOVE = YES;
				CLANG_WARN_UNGUARDED_AVAILABILITY = YES_AGGRESSIVE;
				CLANG_WARN_UNREACHABLE_CODE = YES;
				CLANG_WARN__DUPLICATE_METHOD_MATCH = YES;
				COPY_PHASE_STRIP = NO;
				DEBUG_INFORMATION_FORMAT = dwarf;
				ENABLE_STRICT_OBJC_MSGSEND = YES;
				ENABLE_TESTABILITY = YES;
				ENABLE_USER_SCRIPT_SANDBOXING = YES;
				GCC_C_LANGUAGE_STANDARD = gnu17;
				GCC_DYNAMIC_NO_PIC = NO;
				GCC_NO_COMMON_BLOCKS = YES;
				GCC_OPTIMIZATION_LEVEL = 0;
				GCC_PREPROCESSOR_DEFINITIONS = (
					"DEBUG=1",
					"$(inherited)",
				);
				GCC_WARN_64_TO_32_BIT_CONVERSION = YES;
				GCC_WARN_ABOUT_RETURN_TYPE = YES_ERROR;
				GCC_WARN_UNDECLARED_SELECTOR = YES;
				GCC_WARN_UNINITIALIZED_AUTOS = YES_AGGRESSIVE;
				GCC_WARN_UNUSED_FUNCTION = YES;
				GCC_WARN_UNUSED_VARIABLE = YES;
				IPHONEOS_DEPLOYMENT_TARGET = 17.0;
				LOCALIZATION_PREFERS_STRING_CATALOGS = YES;
				MTL_ENABLE_DEBUG_INFO = INCLUDE_SOURCE;
				MTL_FAST_MATH = YES;
				ONLY_ACTIVE_ARCH = YES;
				SDKROOT = iphoneos;
				SWIFT_ACTIVE_COMPILATION_CONDITIONS = "DEBUG $(inherited)";
				SWIFT_OPTIMIZATION_LEVEL = "-Onone";
			};
			name = Debug;
		};
		706C5DD42AE0C45F00BE9A19 /* Release */ = {
			isa = XCBuildConfiguration;
			buildSettings = {
				ALWAYS_SEARCH_USER_PATHS = NO;
				ASSETCATALOG_COMPILER_GENERATE_SWIFT_ASSET_SYMBOL_EXTENSIONS = YES;
				CLANG_ANALYZER_NONNULL = YES;
				CLANG_ANALYZER_NUMBER_OBJECT_CONVERSION = YES_AGGRESSIVE;
				CLANG_CXX_LANGUAGE_STANDARD = "gnu++20";
				CLANG_ENABLE_MODULES = YES;
				CLANG_ENABLE_OBJC_ARC = YES;
				CLANG_ENABLE_OBJC_WEAK = YES;
				CLANG_WARN_BLOCK_CAPTURE_AUTORELEASING = YES;
				CLANG_WARN_BOOL_CONVERSION = YES;
				CLANG_WARN_COMMA = YES;
				CLANG_WARN_CONSTANT_CONVERSION = YES;
				CLANG_WARN_DEPRECATED_OBJC_IMPLEMENTATIONS = YES;
				CLANG_WARN_DIRECT_OBJC_ISA_USAGE = YES_ERROR;
				CLANG_WARN_DOCUMENTATION_COMMENTS = YES;
				CLANG_WARN_EMPTY_BODY = YES;
				CLANG_WARN_ENUM_CONVERSION = YES;
				CLANG_WARN_INFINITE_RECURSION = YES;
				CLANG_WARN_INT_CONVERSION = YES;
				CLANG_WARN_NON_LITERAL_NULL_CONVERSION = YES;
				CLANG_WARN_OBJC_IMPLICIT_RETAIN_SELF = YES;
				CLANG_WARN_OBJC_LITERAL_CONVERSION = YES;
				CLANG_WARN_OBJC_ROOT_CLASS = YES_ERROR;
				CLANG_WARN_QUOTED_INCLUDE_IN_FRAMEWORK_HEADER = YES;
				CLANG_WARN_RANGE_LOOP_ANALYSIS = YES;
				CLANG_WARN_STRICT_PROTOTYPES = YES;
				CLANG_WARN_SUSPICIOUS_MOVE = YES;
				CLANG_WARN_UNGUARDED_AVAILABILITY = YES_AGGRESSIVE;
				CLANG_WARN_UNREACHABLE_CODE = YES;
				CLANG_WARN__DUPLICATE_METHOD_MATCH = YES;
				COPY_PHASE_STRIP = NO;
				DEBUG_INFORMATION_FORMAT = "dwarf-with-dsym";
				ENABLE_NS_ASSERTIONS = NO;
				ENABLE_STRICT_OBJC_MSGSEND = YES;
				ENABLE_USER_SCRIPT_SANDBOXING = YES;
				GCC_C_LANGUAGE_STANDARD = gnu17;
				GCC_NO_COMMON_BLOCKS = YES;
				GCC_WARN_64_TO_32_BIT_CONVERSION = YES;
				GCC_WARN_ABOUT_RETURN_TYPE = YES_ERROR;
				GCC_WARN_UNDECLARED_SELECTOR = YES;
				GCC_WARN_UNINITIALIZED_AUTOS = YES_AGGRESSIVE;
				GCC_WARN_UNUSED_FUNCTION = YES;
				GCC_WARN_UNUSED_VARIABLE = YES;
				IPHONEOS_DEPLOYMENT_TARGET = 17.0;
				LOCALIZATION_PREFERS_STRING_CATALOGS = YES;
				MTL_ENABLE_DEBUG_INFO = NO;
				MTL_FAST_MATH = YES;
				SDKROOT = iphoneos;
				SWIFT_COMPILATION_MODE = wholemodule;
				VALIDATE_PRODUCT = YES;
			};
			name = Release;
		};
		706C5DD62AE0C45F00BE9A19 /* Debug */ = {
			isa = XCBuildConfiguration;
			buildSettings = {
				ASSETCATALOG_COMPILER_APPICON_NAME = AppIcon;
				ASSETCATALOG_COMPILER_GLOBAL_ACCENT_COLOR_NAME = AccentColor;
				CODE_SIGN_STYLE = Automatic;
				CURRENT_PROJECT_VERSION = 1;
				DEVELOPMENT_ASSET_PATHS = "\"StitchCounter/Preview Content\"";
				DEVELOPMENT_TEAM = WK2NPPRK97;
				ENABLE_PREVIEWS = YES;
				GENERATE_INFOPLIST_FILE = YES;
				INFOPLIST_KEY_UIApplicationSceneManifest_Generation = YES;
				INFOPLIST_KEY_UIApplicationSupportsIndirectInputEvents = YES;
				INFOPLIST_KEY_UILaunchScreen_Generation = YES;
				INFOPLIST_KEY_UISupportedInterfaceOrientations_iPad = "UIInterfaceOrientationPortrait UIInterfaceOrientationPortraitUpsideDown UIInterfaceOrientationLandscapeLeft UIInterfaceOrientationLandscapeRight";
				INFOPLIST_KEY_UISupportedInterfaceOrientations_iPhone = "UIInterfaceOrientationPortrait UIInterfaceOrientationLandscapeLeft UIInterfaceOrientationLandscapeRight";
				LD_RUNPATH_SEARCH_PATHS = (
					"$(inherited)",
					"@executable_path/Frameworks",
				);
				MARKETING_VERSION = 1.0;
				PRODUCT_BUNDLE_IDENTIFIER = Smabby.StitchCounter;
				PRODUCT_NAME = "$(TARGET_NAME)";
				SWIFT_EMIT_LOC_STRINGS = YES;
				SWIFT_VERSION = 5.0;
				TARGETED_DEVICE_FAMILY = "1,2";
			};
			name = Debug;
		};
		706C5DD72AE0C45F00BE9A19 /* Release */ = {
			isa = XCBuildConfiguration;
			buildSettings = {
				ASSETCATALOG_COMPILER_APPICON_NAME = AppIcon;
				ASSETCATALOG_COMPILER_GLOBAL_ACCENT_COLOR_NAME = AccentColor;
				CODE_SIGN_STYLE = Automatic;
				CURRENT_PROJECT_VERSION = 1;
				DEVELOPMENT_ASSET_PATHS = "\"StitchCounter/Preview Content\"";
				DEVELOPMENT_TEAM = WK2NPPRK97;
				ENABLE_PREVIEWS = YES;
				GENERATE_INFOPLIST_FILE = YES;
				INFOPLIST_KEY_UIApplicationSceneManifest_Generation = YES;
				INFOPLIST_KEY_UIApplicationSupportsIndirectInputEvents = YES;
				INFOPLIST_KEY_UILaunchScreen_Generation = YES;
				INFOPLIST_KEY_UISupportedInterfaceOrientations_iPad = "UIInterfaceOrientationPortrait UIInterfaceOrientationPortraitUpsideDown UIInterfaceOrientationLandscapeLeft UIInterfaceOrientationLandscapeRight";
				INFOPLIST_KEY_UISupportedInterfaceOrientations_iPhone = "UIInterfaceOrientationPortrait UIInterfaceOrientationLandscapeLeft UIInterfaceOrientationLandscapeRight";
				LD_RUNPATH_SEARCH_PATHS = (
					"$(inherited)",
					"@executable_path/Frameworks",
				);
				MARKETING_VERSION = 1.0;
				PRODUCT_BUNDLE_IDENTIFIER = Smabby.StitchCounter;
				PRODUCT_NAME = "$(TARGET_NAME)";
				SWIFT_EMIT_LOC_STRINGS = YES;
				SWIFT_VERSION = 5.0;
				TARGETED_DEVICE_FAMILY = "1,2";
			};
			name = Release;
		};
		706C5DD92AE0C45F00BE9A19 /* Debug */ = {
			isa = XCBuildConfiguration;
			buildSettings = {
				ALWAYS_EMBED_SWIFT_STANDARD_LIBRARIES = YES;
				BUNDLE_LOADER = "$(TEST_HOST)";
				CODE_SIGN_STYLE = Automatic;
				CURRENT_PROJECT_VERSION = 1;
				DEVELOPMENT_TEAM = WK2NPPRK97;
				GENERATE_INFOPLIST_FILE = YES;
				IPHONEOS_DEPLOYMENT_TARGET = 17.0;
				MARKETING_VERSION = 1.0;
				PRODUCT_BUNDLE_IDENTIFIER = Smabby.StitchCounterTests;
				PRODUCT_NAME = "$(TARGET_NAME)";
				SWIFT_EMIT_LOC_STRINGS = NO;
				SWIFT_VERSION = 5.0;
				TARGETED_DEVICE_FAMILY = "1,2";
				TEST_HOST = "$(BUILT_PRODUCTS_DIR)/StitchCounter.app/$(BUNDLE_EXECUTABLE_FOLDER_PATH)/StitchCounter";
			};
			name = Debug;
		};
		706C5DDA2AE0C45F00BE9A19 /* Release */ = {
			isa = XCBuildConfiguration;
			buildSettings = {
				ALWAYS_EMBED_SWIFT_STANDARD_LIBRARIES = YES;
				BUNDLE_LOADER = "$(TEST_HOST)";
				CODE_SIGN_STYLE = Automatic;
				CURRENT_PROJECT_VERSION = 1;
				DEVELOPMENT_TEAM = WK2NPPRK97;
				GENERATE_INFOPLIST_FILE = YES;
				IPHONEOS_DEPLOYMENT_TARGET = 17.0;
				MARKETING_VERSION = 1.0;
				PRODUCT_BUNDLE_IDENTIFIER = Smabby.StitchCounterTests;
				PRODUCT_NAME = "$(TARGET_NAME)";
				SWIFT_EMIT_LOC_STRINGS = NO;
				SWIFT_VERSION = 5.0;
				TARGETED_DEVICE_FAMILY = "1,2";
				TEST_HOST = "$(BUILT_PRODUCTS_DIR)/StitchCounter.app/$(BUNDLE_EXECUTABLE_FOLDER_PATH)/StitchCounter";
			};
			name = Release;
		};
		706C5DDC2AE0C45F00BE9A19 /* Debug */ = {
			isa = XCBuildConfiguration;
			buildSettings = {
				ALWAYS_EMBED_SWIFT_STANDARD_LIBRARIES = YES;
				CODE_SIGN_STYLE = Automatic;
				CURRENT_PROJECT_VERSION = 1;
				DEVELOPMENT_TEAM = WK2NPPRK97;
				GENERATE_INFOPLIST_FILE = YES;
				MARKETING_VERSION = 1.0;
				PRODUCT_BUNDLE_IDENTIFIER = Smabby.StitchCounterUITests;
				PRODUCT_NAME = "$(TARGET_NAME)";
				SWIFT_EMIT_LOC_STRINGS = NO;
				SWIFT_VERSION = 5.0;
				TARGETED_DEVICE_FAMILY = "1,2";
				TEST_TARGET_NAME = StitchCounter;
			};
			name = Debug;
		};
		706C5DDD2AE0C45F00BE9A19 /* Release */ = {
			isa = XCBuildConfiguration;
			buildSettings = {
				ALWAYS_EMBED_SWIFT_STANDARD_LIBRARIES = YES;
				CODE_SIGN_STYLE = Automatic;
				CURRENT_PROJECT_VERSION = 1;
				DEVELOPMENT_TEAM = WK2NPPRK97;
				GENERATE_INFOPLIST_FILE = YES;
				MARKETING_VERSION = 1.0;
				PRODUCT_BUNDLE_IDENTIFIER = Smabby.StitchCounterUITests;
				PRODUCT_NAME = "$(TARGET_NAME)";
				SWIFT_EMIT_LOC_STRINGS = NO;
				SWIFT_VERSION = 5.0;
				TARGETED_DEVICE_FAMILY = "1,2";
				TEST_TARGET_NAME = StitchCounter;
			};
			name = Release;
		};
/* End XCBuildConfiguration section */

/* Begin XCConfigurationList section */
		706C5DAC2AE0C45E00BE9A19 /* Build configuration list for PBXProject "StitchCounter" */ = {
			isa = XCConfigurationList;
			buildConfigurations = (
				706C5DD32AE0C45F00BE9A19 /* Debug */,
				706C5DD42AE0C45F00BE9A19 /* Release */,
			);
			defaultConfigurationIsVisible = 0;
			defaultConfigurationName = Release;
		};
		706C5DD52AE0C45F00BE9A19 /* Build configuration list for PBXNativeTarget "StitchCounter" */ = {
			isa = XCConfigurationList;
			buildConfigurations = (
				706C5DD62AE0C45F00BE9A19 /* Debug */,
				706C5DD72AE0C45F00BE9A19 /* Release */,
			);
			defaultConfigurationIsVisible = 0;
			defaultConfigurationName = Release;
		};
		706C5DD82AE0C45F00BE9A19 /* Build configuration list for PBXNativeTarget "StitchCounterTests" */ = {
			isa = XCConfigurationList;
			buildConfigurations = (
				706C5DD92AE0C45F00BE9A19 /* Debug */,
				706C5DDA2AE0C45F00BE9A19 /* Release */,
			);
			defaultConfigurationIsVisible = 0;
			defaultConfigurationName = Release;
		};
		706C5DDB2AE0C45F00BE9A19 /* Build configuration list for PBXNativeTarget "StitchCounterUITests" */ = {
			isa = XCConfigurationList;
			buildConfigurations = (
				706C5DDC2AE0C45F00BE9A19 /* Debug */,
				706C5DDD2AE0C45F00BE9A19 /* Release */,
			);
			defaultConfigurationIsVisible = 0;
			defaultConfigurationName = Release;
		};
/* End XCConfigurationList section */
	};
	rootObject = 706C5DA92AE0C45E00BE9A19 /* Project object */;
}
